// !$*UTF8*$!
{
	archiveVersion = 1;
	classes = {
	};
	objectVersion = 46;
	objects = {

/* Begin PBXBuildFile section */
		4F3F0F2E1C941E620018543A /* main.m in Sources */ = {isa = PBXBuildFile; fileRef = 4F3F0F2D1C941E620018543A /* main.m */; };
		4F3F0F311C941E620018543A /* AppDelegate.m in Sources */ = {isa = PBXBuildFile; fileRef = 4F3F0F301C941E620018543A /* AppDelegate.m */; };
		4F3F0F341C941E620018543A /* ViewController.m in Sources */ = {isa = PBXBuildFile; fileRef = 4F3F0F331C941E620018543A /* ViewController.m */; };
		4F3F0F371C941E620018543A /* Main.storyboard in Resources */ = {isa = PBXBuildFile; fileRef = 4F3F0F351C941E620018543A /* Main.storyboard */; };
		4F3F0F391C941E620018543A /* Assets.xcassets in Resources */ = {isa = PBXBuildFile; fileRef = 4F3F0F381C941E620018543A /* Assets.xcassets */; };
		4F3F0F3C1C941E620018543A /* LaunchScreen.storyboard in Resources */ = {isa = PBXBuildFile; fileRef = 4F3F0F3A1C941E620018543A /* LaunchScreen.storyboard */; };
		4F3F0F451C941F150018543A /* Person.m in Sources */ = {isa = PBXBuildFile; fileRef = 4F3F0F441C941F150018543A /* Person.m */; };
/* End PBXBuildFile section */

/* Begin PBXFileReference section */
		4F3F0F291C941E620018543A /* Practise_KVO.app */ = {isa = PBXFileReference; explicitFileType = wrapper.application; includeInIndex = 0; path = Practise_KVO.app; sourceTree = BUILT_PRODUCTS_DIR; };
		4F3F0F2D1C941E620018543A /* main.m */ = {isa = PBXFileReference; lastKnownFileType = sourcecode.c.objc; path = main.m; sourceTree = "<group>"; };
		4F3F0F2F1C941E620018543A /* AppDelegate.h */ = {isa = PBXFileReference; lastKnownFileType = sourcecode.c.h; path = AppDelegate.h; sourceTree = "<group>"; };
		4F3F0F301C941E620018543A /* AppDelegate.m */ = {isa = PBXFileReference; lastKnownFileType = sourcecode.c.objc; path = AppDelegate.m; sourceTree = "<group>"; };
		4F3F0F321C941E620018543A /* ViewController.h */ = {isa = PBXFileReference; lastKnownFileType = sourcecode.c.h; path = ViewController.h; sourceTree = "<group>"; };
		4F3F0F331C941E620018543A /* ViewController.m */ = {isa = PBXFileReference; lastKnownFileType = sourcecode.c.objc; path = ViewController.m; sourceTree = "<group>"; };
		4F3F0F361C941E620018543A /* Base */ = {isa = PBXFileReference; lastKnownFileType = file.storyboard; name = Base; path = Base.lproj/Main.storyboard; sourceTree = "<group>"; };
		4F3F0F381C941E620018543A /* Assets.xcassets */ = {isa = PBXFileReference; lastKnownFileType = folder.assetcatalog; path = Assets.xcassets; sourceTree = "<group>"; };
		4F3F0F3B1C941E620018543A /* Base */ = {isa = PBXFileReference; lastKnownFileType = file.storyboard; name = Base; path = Base.lproj/LaunchScreen.storyboard; sourceTree = "<group>"; };
		4F3F0F3D1C941E620018543A /* Info.plist */ = {isa = PBXFileReference; lastKnownFileType = text.plist.xml; path = Info.plist; sourceTree = "<group>"; };
		4F3F0F431C941F150018543A /* Person.h */ = {isa = PBXFileReference; fileEncoding = 4; lastKnownFileType = sourcecode.c.h; path = Person.h; sourceTree = "<group>"; };
		4F3F0F441C941F150018543A /* Person.m */ = {isa = PBXFileReference; fileEncoding = 4; lastKnownFileType = sourcecode.c.objc; path = Person.m; sourceTree = "<group>"; };
/* End PBXFileReference section */

/* Begin PBXFrameworksBuildPhase section */
		4F3F0F261C941E620018543A /* Frameworks */ = {
			isa = PBXFrameworksBuildPhase;
			buildActionMask = 2147483647;
			files = (
			);
			runOnlyForDeploymentPostprocessing = 0;
		};
/* End PBXFrameworksBuildPhase section */

/* Begin PBXGroup section */
		4F3F0F201C941E620018543A = {
			isa = PBXGroup;
			children = (
				4F3F0F2B1C941E620018543A /* Practise_KVO */,
				4F3F0F2A1C941E620018543A /* Products */,
			);
			sourceTree = "<group>";
		};
		4F3F0F2A1C941E620018543A /* Products */ = {
			isa = PBXGroup;
			children = (
				4F3F0F291C941E620018543A /* Practise_KVO.app */,
			);
			name = Products;
			sourceTree = "<group>";
		};
		4F3F0F2B1C941E620018543A /* Practise_KVO */ = {
			isa = PBXGroup;
			children = (
				4F3F0F2F1C941E620018543A /* AppDelegate.h */,
				4F3F0F301C941E620018543A /* AppDelegate.m */,
				4F3F0F321C941E620018543A /* ViewController.h */,
				4F3F0F331C941E620018543A /* ViewController.m */,
				4F3F0F351C941E620018543A /* Main.storyboard */,
				4F3F0F381C941E620018543A /* Assets.xcassets */,
				4F3F0F3A1C941E620018543A /* LaunchScreen.storyboard */,
				4F3F0F3D1C941E620018543A /* Info.plist */,
				4F3F0F2C1C941E620018543A /* Supporting Files */,
				4F3F0F431C941F150018543A /* Person.h */,
				4F3F0F441C941F150018543A /* Person.m */,
			);
			path = Practise_KVO;
			sourceTree = "<group>";
		};
		4F3F0F2C1C941E620018543A /* Supporting Files */ = {
			isa = PBXGroup;
			children = (
				4F3F0F2D1C941E620018543A /* main.m */,
			);
			name = "Supporting Files";
			sourceTree = "<group>";
		};
/* End PBXGroup section */

/* Begin PBXNativeTarget section */
		4F3F0F281C941E620018543A /* Practise_KVO */ = {
			isa = PBXNativeTarget;
			buildConfigurationList = 4F3F0F401C941E620018543A /* Build configuration list for PBXNativeTarget "Practise_KVO" */;
			buildPhases = (
				4F3F0F251C941E620018543A /* Sources */,
				4F3F0F261C941E620018543A /* Frameworks */,
				4F3F0F271C941E620018543A /* Resources */,
			);
			buildRules = (
			);
			dependencies = (
			);
			name = Practise_KVO;
			productName = Practise_KVO;
			productReference = 4F3F0F291C941E620018543A /* Practise_KVO.app */;
			productType = "com.apple.product-type.application";
		};
/* End PBXNativeTarget section */

/* Begin PBXProject section */
		4F3F0F211C941E620018543A /* Project object */ = {
			isa = PBXProject;
			attributes = {
				LastUpgradeCheck = 0720;
				ORGANIZATIONNAME = tickCoder;
				TargetAttributes = {
					4F3F0F281C941E620018543A = {
						CreatedOnToolsVersion = 7.2.1;
					};
				};
			};
			buildConfigurationList = 4F3F0F241C941E620018543A /* Build configuration list for PBXProject "Practise_KVO" */;
			compatibilityVersion = "Xcode 3.2";
			developmentRegion = English;
			hasScannedForEncodings = 0;
			knownRegions = (
				en,
				Base,
			);
			mainGroup = 4F3F0F201C941E620018543A;
			productRefGroup = 4F3F0F2A1C941E620018543A /* Products */;
			projectDirPath = "";
			projectRoot = "";
			targets = (
				4F3F0F281C941E620018543A /* Practise_KVO */,
			);
		};
/* End PBXProject section */

/* Begin PBXResourcesBuildPhase section */
		4F3F0F271C941E620018543A /* Resources */ = {
			isa = PBXResourcesBuildPhase;
			buildActionMask = 2147483647;
			files = (
				4F3F0F3C1C941E620018543A /* LaunchScreen.storyboard in Resources */,
				4F3F0F391C941E620018543A /* Assets.xcassets in Resources */,
				4F3F0F371C941E620018543A /* Main.storyboard in Resources */,
			);
			runOnlyForDeploymentPostprocessing = 0;
		};
/* End PBXResourcesBuildPhase section */

/* Begin PBXSourcesBuildPhase section */
		4F3F0F251C941E620018543A /* Sources */ = {
			isa = PBXSourcesBuildPhase;
			buildActionMask = 2147483647;
			files = (
				4F3F0F341C941E620018543A /* ViewController.m in Sources */,
				4F3F0F311C941E620018543A /* AppDelegate.m in Sources */,
				4F3F0F451C941F150018543A /* Person.m in Sources */,
				4F3F0F2E1C941E620018543A /* main.m in Sources */,
			);
			runOnlyForDeploymentPostprocessing = 0;
		};
/* End PBXSourcesBuildPhase section */

/* Begin PBXVariantGroup section */
		4F3F0F351C941E620018543A /* Main.storyboard */ = {
			isa = PBXVariantGroup;
			children = (
				4F3F0F361C941E620018543A /* Base */,
			);
			name = Main.storyboard;
			sourceTree = "<group>";
		};
		4F3F0F3A1C941E620018543A /* LaunchScreen.storyboard */ = {
			isa = PBXVariantGroup;
			children = (
				4F3F0F3B1C941E620018543A /* Base */,
			);
			name = LaunchScreen.storyboard;
			sourceTree = "<group>";
		};
/* End PBXVariantGroup section */

/* Begin XCBuildConfiguration section */
		4F3F0F3E1C941E620018543A /* Debug */ = {
			isa = XCBuildConfiguration;
			buildSettings = {
				ALWAYS_SEARCH_USER_PATHS = NO;
				CLANG_CXX_LANGUAGE_STANDARD = "gnu++0x";
				CLANG_CXX_LIBRARY = "libc++";
				CLANG_ENABLE_MODULES = YES;
				CLANG_ENABLE_OBJC_ARC = YES;
				CLANG_WARN_BOOL_CONVERSION = YES;
				CLANG_WARN_CONSTANT_CONVERSION = YES;
				CLANG_WARN_DIRECT_OBJC_ISA_USAGE = YES_ERROR;
				CLANG_WARN_EMPTY_BODY = YES;
				CLANG_WARN_ENUM_CONVERSION = YES;
				CLANG_WARN_INT_CONVERSION = YES;
				CLANG_WARN_OBJC_ROOT_CLASS = YES_ERROR;
				CLANG_WARN_UNREACHABLE_CODE = YES;
				CLANG_WARN__DUPLICATE_METHOD_MATCH = YES;
				"CODE_SIGN_IDENTITY[sdk=iphoneos*]" = "iPhone Developer";
				COPY_PHASE_STRIP = NO;
				DEBUG_INFORMATION_FORMAT = dwarf;
				ENABLE_STRICT_OBJC_MSGSEND = YES;
				ENABLE_TESTABILITY = YES;
				GCC_C_LANGUAGE_STANDARD = gnu99;
				GCC_DYNAMIC_NO_PIC = NO;
				GCC_NO_COMMON_BLOCKS = YES;
				GCC_OPTIMIZATION_LEVEL = 0;
				GCC_PREPROCESSOR_DEFINITIONS = (
					"DEBUG=1",
					"$(inherited)",
				);
				GCC_WARN_64_TO_32_BIT_CONVERSION = YES;
				GCC_WARN_ABOUT_RETURN_TYPE = YES_ERROR;
				GCC_WARN_UNDECLARED_SELECTOR = YES;
				GCC_WARN_UNINITIALIZED_AUTOS = YES_AGGRESSIVE;
				GCC_WARN_UNUSED_FUNCTION = YES;
				GCC_WARN_UNUSED_VARIABLE = YES;
				IPHONEOS_DEPLOYMENT_TARGET = 9.2;
				MTL_ENABLE_DEBUG_INFO = YES;
				ONLY_ACTIVE_ARCH = YES;
				SDKROOT = iphoneos;
				TARGETED_DEVICE_FAMILY = "1,2";
			};
			name = Debug;
		};
		4F3F0F3F1C941E620018543A /* Release */ = {
			isa = XCBuildConfiguration;
			buildSettings = {
				ALWAYS_SEARCH_USER_PATHS = NO;
				CLANG_CXX_LANGUAGE_STANDARD = "gnu++0x";
				CLANG_CXX_LIBRARY = "libc++";
				CLANG_ENABLE_MODULES = YES;
				CLANG_ENABLE_OBJC_ARC = YES;
				CLANG_WARN_BOOL_CONVERSION = YES;
				CLANG_WARN_CONSTANT_CONVERSION = YES;
				CLANG_WARN_DIRECT_OBJC_ISA_USAGE = YES_ERROR;
				CLANG_WARN_EMPTY_BODY = YES;
				CLANG_WARN_ENUM_CONVERSION = YES;
				CLANG_WARN_INT_CONVERSION = YES;
				CLANG_WARN_OBJC_ROOT_CLASS = YES_ERROR;
				CLANG_WARN_UNREACHABLE_CODE = YES;
				CLANG_WARN__DUPLICATE_METHOD_MATCH = YES;
				"CODE_SIGN_IDENTITY[sdk=iphoneos*]" = "iPhone Developer";
				COPY_PHASE_STRIP = NO;
				DEBUG_INFORMATION_FORMAT = "dwarf-with-dsym";
				ENABLE_NS_ASSERTIONS = NO;
				ENABLE_STRICT_OBJC_MSGSEND = YES;
				GCC_C_LANGUAGE_STANDARD = gnu99;
				GCC_NO_COMMON_BLOCKS = YES;
				GCC_WARN_64_TO_32_BIT_CONVERSION = YES;
				GCC_WARN_ABOUT_RETURN_TYPE = YES_ERROR;
				GCC_WARN_UNDECLARED_SELECTOR = YES;
				GCC_WARN_UNINITIALIZED_AUTOS = YES_AGGRESSIVE;
				GCC_WARN_UNUSED_FUNCTION = YES;
				GCC_WARN_UNUSED_VARIABLE = YES;
				IPHONEOS_DEPLOYMENT_TARGET = 9.2;
				MTL_ENABLE_DEBUG_INFO = NO;
				SDKROOT = iphoneos;
				TARGETED_DEVICE_FAMILY = "1,2";
				VALIDATE_PRODUCT = YES;
			};
			name = Release;
		};
		4F3F0F411C941E620018543A /* Debug */ = {
			isa = XCBuildConfiguration;
			buildSettings = {
				ASSETCATALOG_COMPILER_APPICON_NAME = AppIcon;
				INFOPLIST_FILE = Practise_KVO/Info.plist;
				LD_RUNPATH_SEARCH_PATHS = "$(inherited) @executable_path/Frameworks";
				PRODUCT_BUNDLE_IDENTIFIER = "com.tickCoder.Practise-KVO";
				PRODUCT_NAME = "$(TARGET_NAME)";
			};
			name = Debug;
		};
		4F3F0F421C941E620018543A /* Release */ = {
			isa = XCBuildConfiguration;
			buildSettings = {
				ASSETCATALOG_COMPILER_APPICON_NAME = AppIcon;
				INFOPLIST_FILE = Practise_KVO/Info.plist;
				LD_RUNPATH_SEARCH_PATHS = "$(inherited) @executable_path/Frameworks";
				PRODUCT_BUNDLE_IDENTIFIER = "com.tickCoder.Practise-KVO";
				PRODUCT_NAME = "$(TARGET_NAME)";
			};
			name = Release;
		};
/* End XCBuildConfiguration section */

/* Begin XCConfigurationList section */
		4F3F0F241C941E620018543A /* Build configuration list for PBXProject "Practise_KVO" */ = {
			isa = XCConfigurationList;
			buildConfigurations = (
				4F3F0F3E1C941E620018543A /* Debug */,
				4F3F0F3F1C941E620018543A /* Release */,
			);
			defaultConfigurationIsVisible = 0;
			defaultConfigurationName = Release;
		};
		4F3F0F401C941E620018543A /* Build configuration list for PBXNativeTarget "Practise_KVO" */ = {
			isa = XCConfigurationList;
			buildConfigurations = (
				4F3F0F411C941E620018543A /* Debug */,
				4F3F0F421C941E620018543A /* Release */,
			);
			defaultConfigurationIsVisible = 0;
			defaultConfigurationName = Release;
		};
/* End XCConfigurationList section */
	};
	rootObject = 4F3F0F211C941E620018543A /* Project object */;
}
